
Microsoft Visual Studio Solution File, Format Version 12.00
# Visual Studio Version 17
VisualStudioVersion = 17.4.33213.308
MinimumVisualStudioVersion = 10.0.40219.1
Project("{FAE04EC0-301F-11D3-BF4B-00C04F79EFBC}") = "SQLSchemaCompare", "SQLSchemaCompare\SQLSchemaCompare.csproj", "{811B228C-63F6-4AAA-BE1B-15FA248B6433}"
EndProject
Global
	GlobalSection(SolutionConfigurationPlatforms) = preSolution
		Debug|Any CPU = Debug|Any CPU
		Release|Any CPU = Release|Any CPU
	EndGlobalSection
	GlobalSection(ProjectConfigurationPlatforms) = postSolution
		{811B228C-63F6-4AAA-BE1B-15FA248B6433}.Debug|Any CPU.ActiveCfg = Debug|Any CPU
		{811B228C-63F6-4AAA-BE1B-15FA248B6433}.Debug|Any CPU.Build.0 = Debug|Any CPU
		{811B228C-63F6-4AAA-BE1B-15FA248B6433}.Release|Any CPU.ActiveCfg = Release|Any CPU
		{811B228C-63F6-4AAA-BE1B-15FA248B6433}.Release|Any CPU.Build.0 = Release|Any CPU
	EndGlobalSection
	GlobalSection(SolutionProperties) = preSolution
		HideSolutionNode = FALSE
	EndGlobalSection
	GlobalSection(ExtensibilityGlobals) = postSolution
		SolutionGuid = {1DD53823-7211-437D-BBBF-6A444CA3E46F}
	EndGlobalSection
EndGlobal
